
Microsoft Visual Studio Solution File, Format Version 12.00
# Visual Studio Version 17
VisualStudioVersion = 17.9.34728.123
MinimumVisualStudioVersion = 10.0.40219.1
Project("{9A19103F-16F7-4668-BE54-9A1E7A4F7556}") = "Tutorial 06 - Custom Controls", "Tutorial 06 - Custom Controls\Tutorial 06 - Custom Controls.csproj", "{2C7E0F31-C378-4FE5-854D-F5E05C32E6BD}"
EndProject
Project("{9A19103F-16F7-4668-BE54-9A1E7A4F7556}") = "Tutorial 07 - Custom Controls 2", "Tutorial 07 - Custom Controls 2\Tutorial 07 - Custom Controls 2.csproj", "{93075DDC-0421-45F5-BC9B-C80013176FEF}"
EndProject
Project("{9A19103F-16F7-4668-BE54-9A1E7A4F7556}") = "Tutorial 04 - Code Behind", "Tutorial 04 - Code Behind\Tutorial 04 - Code Behind.csproj", "{7CAAF424-0797-402D-B97A-2E0B9610E425}"
EndProject
Project("{9A19103F-16F7-4668-BE54-9A1E7A4F7556}") = "Tutorial 05 - Grid Basics", "Tutorial 05 - Grid Basics\Tutorial 05 - Grid Basics.csproj", "{5734DEC3-5B2C-476D-85D2-2D5B2E005958}"
EndProject
Project("{9A19103F-16F7-4668-BE54-9A1E7A4F7556}") = "Tutorial 08 - Data Binding", "Tutorial 08 - Data Binding\Tutorial 08 - Data Binding.csproj", "{0BBB528F-EF98-4655-A4A1-D87EB70762D2}"
EndProject
Project("{9A19103F-16F7-4668-BE54-9A1E7A4F7556}") = "Tutorial 09 - Message Box", "Tutorial 09 - Message Box\Tutorial 09 - Message Box.csproj", "{A8B204DB-A300-4A4B-8AC9-FBEF44DB5EFA}"
EndProject
Project("{9A19103F-16F7-4668-BE54-9A1E7A4F7556}") = "Tutorial 10 - Open File Dialog (file picker)", "Tutorial 10 - Open File Dialog (file picker)\Tutorial 10 - Open File Dialog (file picker).csproj", "{22EC65EA-D0ED-4DCC-A6E7-8929978198F0}"
EndProject
Project("{9A19103F-16F7-4668-BE54-9A1E7A4F7556}") = "Tutorial 11 - Folder Browser Dialog", "Tutorial 11 - Folder Browser Dialog\Tutorial 11 - Folder Browser Dialog.csproj", "{EBF145EE-95B3-468E-B6CB-2BE1443F434B}"
EndProject
Project("{9A19103F-16F7-4668-BE54-9A1E7A4F7556}") = "Tutorial 12 - ListView", "Tutorial 12 - ListView\Tutorial 12 - ListView.csproj", "{3A23B5C6-75B4-4B16-9877-5F83E612947F}"
EndProject
Project("{9A19103F-16F7-4668-BE54-9A1E7A4F7556}") = "Tutorial 13 - ListView 2", "Tutorial 13 - ListView 2\Tutorial 13 - ListView 2.csproj", "{288B0506-3C81-40CB-928A-2BDD138CB5B6}"
EndProject
Project("{9A19103F-16F7-4668-BE54-9A1E7A4F7556}") = "Tutorial 14 - StackPanel", "Tutorial 14 - StackPanel\Tutorial 14 - StackPanel.csproj", "{2D808A90-4E5D-4DAD-B97B-D19908F55E05}"
EndProject
Project("{FAE04EC0-301F-11D3-BF4B-00C04F79EFBC}") = "Tutorial 15 - GridSplitter", "Tutorial 15 - GridSplitter\Tutorial 15 - GridSplitter.csproj", "{DC09F71D-E721-42AA-98B6-1DD5133E0BF4}"
EndProject
Global
	GlobalSection(SolutionConfigurationPlatforms) = preSolution
		Debug|Any CPU = Debug|Any CPU
		Release|Any CPU = Release|Any CPU
	EndGlobalSection
	GlobalSection(ProjectConfigurationPlatforms) = postSolution
		{2C7E0F31-C378-4FE5-854D-F5E05C32E6BD}.Debug|Any CPU.ActiveCfg = Debug|Any CPU
		{2C7E0F31-C378-4FE5-854D-F5E05C32E6BD}.Debug|Any CPU.Build.0 = Debug|Any CPU
		{2C7E0F31-C378-4FE5-854D-F5E05C32E6BD}.Release|Any CPU.ActiveCfg = Release|Any CPU
		{2C7E0F31-C378-4FE5-854D-F5E05C32E6BD}.Release|Any CPU.Build.0 = Release|Any CPU
		{93075DDC-0421-45F5-BC9B-C80013176FEF}.Debug|Any CPU.ActiveCfg = Debug|Any CPU
		{93075DDC-0421-45F5-BC9B-C80013176FEF}.Debug|Any CPU.Build.0 = Debug|Any CPU
		{93075DDC-0421-45F5-BC9B-C80013176FEF}.Release|Any CPU.ActiveCfg = Release|Any CPU
		{93075DDC-0421-45F5-BC9B-C80013176FEF}.Release|Any CPU.Build.0 = Release|Any CPU
		{7CAAF424-0797-402D-B97A-2E0B9610E425}.Debug|Any CPU.ActiveCfg = Debug|Any CPU
		{7CAAF424-0797-402D-B97A-2E0B9610E425}.Debug|Any CPU.Build.0 = Debug|Any CPU
		{7CAAF424-0797-402D-B97A-2E0B9610E425}.Release|Any CPU.ActiveCfg = Release|Any CPU
		{7CAAF424-0797-402D-B97A-2E0B9610E425}.Release|Any CPU.Build.0 = Release|Any CPU
		{5734DEC3-5B2C-476D-85D2-2D5B2E005958}.Debug|Any CPU.ActiveCfg = Debug|Any CPU
		{5734DEC3-5B2C-476D-85D2-2D5B2E005958}.Debug|Any CPU.Build.0 = Debug|Any CPU
		{5734DEC3-5B2C-476D-85D2-2D5B2E005958}.Release|Any CPU.ActiveCfg = Release|Any CPU
		{5734DEC3-5B2C-476D-85D2-2D5B2E005958}.Release|Any CPU.Build.0 = Release|Any CPU
		{0BBB528F-EF98-4655-A4A1-D87EB70762D2}.Debug|Any CPU.ActiveCfg = Debug|Any CPU
		{0BBB528F-EF98-4655-A4A1-D87EB70762D2}.Debug|Any CPU.Build.0 = Debug|Any CPU
		{0BBB528F-EF98-4655-A4A1-D87EB70762D2}.Release|Any CPU.ActiveCfg = Release|Any CPU
		{0BBB528F-EF98-4655-A4A1-D87EB70762D2}.Release|Any CPU.Build.0 = Release|Any CPU
		{A8B204DB-A300-4A4B-8AC9-FBEF44DB5EFA}.Debug|Any CPU.ActiveCfg = Debug|Any CPU
		{A8B204DB-A300-4A4B-8AC9-FBEF44DB5EFA}.Debug|Any CPU.Build.0 = Debug|Any CPU
		{A8B204DB-A300-4A4B-8AC9-FBEF44DB5EFA}.Release|Any CPU.ActiveCfg = Release|Any CPU
		{A8B204DB-A300-4A4B-8AC9-FBEF44DB5EFA}.Release|Any CPU.Build.0 = Release|Any CPU
		{22EC65EA-D0ED-4DCC-A6E7-8929978198F0}.Debug|Any CPU.ActiveCfg = Debug|Any CPU
		{22EC65EA-D0ED-4DCC-A6E7-8929978198F0}.Debug|Any CPU.Build.0 = Debug|Any CPU
		{22EC65EA-D0ED-4DCC-A6E7-8929978198F0}.Release|Any CPU.ActiveCfg = Release|Any CPU
		{22EC65EA-D0ED-4DCC-A6E7-8929978198F0}.Release|Any CPU.Build.0 = Release|Any CPU
		{EBF145EE-95B3-468E-B6CB-2BE1443F434B}.Debug|Any CPU.ActiveCfg = Debug|Any CPU
		{EBF145EE-95B3-468E-B6CB-2BE1443F434B}.Debug|Any CPU.Build.0 = Debug|Any CPU
		{EBF145EE-95B3-468E-B6CB-2BE1443F434B}.Release|Any CPU.ActiveCfg = Release|Any CPU
		{EBF145EE-95B3-468E-B6CB-2BE1443F434B}.Release|Any CPU.Build.0 = Release|Any CPU
		{3A23B5C6-75B4-4B16-9877-5F83E612947F}.Debug|Any CPU.ActiveCfg = Debug|Any CPU
		{3A23B5C6-75B4-4B16-9877-5F83E612947F}.Debug|Any CPU.Build.0 = Debug|Any CPU
		{3A23B5C6-75B4-4B16-9877-5F83E612947F}.Release|Any CPU.ActiveCfg = Release|Any CPU
		{3A23B5C6-75B4-4B16-9877-5F83E612947F}.Release|Any CPU.Build.0 = Release|Any CPU
		{288B0506-3C81-40CB-928A-2BDD138CB5B6}.Debug|Any CPU.ActiveCfg = Debug|Any CPU
		{288B0506-3C81-40CB-928A-2BDD138CB5B6}.Debug|Any CPU.Build.0 = Debug|Any CPU
		{288B0506-3C81-40CB-928A-2BDD138CB5B6}.Release|Any CPU.ActiveCfg = Release|Any CPU
		{288B0506-3C81-40CB-928A-2BDD138CB5B6}.Release|Any CPU.Build.0 = Release|Any CPU
		{2D808A90-4E5D-4DAD-B97B-D19908F55E05}.Debug|Any CPU.ActiveCfg = Debug|Any CPU
		{2D808A90-4E5D-4DAD-B97B-D19908F55E05}.Debug|Any CPU.Build.0 = Debug|Any CPU
		{2D808A90-4E5D-4DAD-B97B-D19908F55E05}.Release|Any CPU.ActiveCfg = Release|Any CPU
		{2D808A90-4E5D-4DAD-B97B-D19908F55E05}.Release|Any CPU.Build.0 = Release|Any CPU
		{DC09F71D-E721-42AA-98B6-1DD5133E0BF4}.Debug|Any CPU.ActiveCfg = Debug|Any CPU
		{DC09F71D-E721-42AA-98B6-1DD5133E0BF4}.Debug|Any CPU.Build.0 = Debug|Any CPU
		{DC09F71D-E721-42AA-98B6-1DD5133E0BF4}.Release|Any CPU.ActiveCfg = Release|Any CPU
		{DC09F71D-E721-42AA-98B6-1DD5133E0BF4}.Release|Any CPU.Build.0 = Release|Any CPU
	EndGlobalSection
	GlobalSection(SolutionProperties) = preSolution
		HideSolutionNode = FALSE
	EndGlobalSection
	GlobalSection(ExtensibilityGlobals) = postSolution
		SolutionGuid = {00B40950-3B0E-4107-81FA-2A3377A189A1}
	EndGlobalSection
EndGlobal
